
Microsoft Visual Studio Solution File, Format Version 12.00
# Visual Studio Version 18
VisualStudioVersion = 18.3.11312.210 d18.3
MinimumVisualStudioVersion = 10.0.40219.1
Project("{9A19103F-16F7-4668-BE54-9A1E7A4F7556}") = "UpdateDSP", "UpdateDSP\UpdateDSP.csproj", "{0E17A5A6-4680-405D-B182-24EA7DEB7F38}"
EndProject
Project("{9A19103F-16F7-4668-BE54-9A1E7A4F7556}") = "LL2024.Algorithms.UpdateDSP", "LL.Algorithms.UpdateDSP\LL2024.Algorithms.UpdateDSP.csproj", "{3DA2ECE5-46B2-46AF-96DD-2B6C29812D40}"
EndProject
Project("{9A19103F-16F7-4668-BE54-9A1E7A4F7556}") = "AFWDPP", "AFWDPPS\AFWDPP.csproj", "{C79417D6-FE50-41A9-8672-FFA559532587}"
EndProject
Project("{9A19103F-16F7-4668-BE54-9A1E7A4F7556}") = "LL2024.Algorithms.UpdateDSPTests", "LL2024.Algorithms.UpdateDSPTests\LL2024.Algorithms.UpdateDSPTests.csproj", "{9B54377C-F6B1-4844-845A-668A4E725917}"
EndProject
Project("{FAE04EC0-301F-11D3-BF4B-00C04F79EFBC}") = "AFWDPPS.3D", "AFWDPPS.3D\AFWDPPS.3D\AFWDPPS.3D.csproj", "{963A1685-0104-4304-A251-A0FC530481E2}"
EndProject
Project("{9A19103F-16F7-4668-BE54-9A1E7A4F7556}") = "YWDEVICE", "YWDEVICE\YWDEVICE.csproj", "{0EF07904-5798-4C29-8000-244814EF89E8}"
EndProject
Project("{FAE04EC0-301F-11D3-BF4B-00C04F79EFBC}") = "AFWDPPS.PDF", "PDFSharp\PDFSharp\AFWDPPS.PDF.csproj", "{38DCC404-48C6-4C16-BC64-FBF1F2546562}"
EndProject
Project("{FAE04EC0-301F-11D3-BF4B-00C04F79EFBC}") = "AFWDPPS.DB", "AFWDPPS.DB\AFWDPPS.DB.csproj", "{550C303E-0358-4399-ABE9-9BE40CFA4CB5}"
EndProject
Project("{8BC9CEB8-8B4A-11D0-8D11-00A0C91BC942}") = "AFWDPP.SF", "AFWDPP.SF\AFWDPP.SF.vcxproj", "{806E28DA-6974-444C-9E1C-C64126BDAF22}"
EndProject
Project("{FAE04EC0-301F-11D3-BF4B-00C04F79EFBC}") = "RobotArmHelix", "RobotArmHelix-master\RobotArmHelix\RobotArmHelix.csproj", "{E14738AE-AF61-4F59-841E-0A81B4D85893}"
EndProject
Global
	GlobalSection(SolutionConfigurationPlatforms) = preSolution
		Debug|Any CPU = Debug|Any CPU
		Debug|x64 = Debug|x64
		Debug|x86 = Debug|x86
		Release|Any CPU = Release|Any CPU
		Release|x64 = Release|x64
		Release|x86 = Release|x86
	EndGlobalSection
	GlobalSection(ProjectConfigurationPlatforms) = postSolution
		{0E17A5A6-4680-405D-B182-24EA7DEB7F38}.Debug|Any CPU.ActiveCfg = Debug|Any CPU
		{0E17A5A6-4680-405D-B182-24EA7DEB7F38}.Debug|Any CPU.Build.0 = Debug|Any CPU
		{0E17A5A6-4680-405D-B182-24EA7DEB7F38}.Debug|x64.ActiveCfg = Debug|Any CPU
		{0E17A5A6-4680-405D-B182-24EA7DEB7F38}.Debug|x64.Build.0 = Debug|Any CPU
		{0E17A5A6-4680-405D-B182-24EA7DEB7F38}.Debug|x86.ActiveCfg = Debug|Any CPU
		{0E17A5A6-4680-405D-B182-24EA7DEB7F38}.Debug|x86.Build.0 = Debug|Any CPU
		{0E17A5A6-4680-405D-B182-24EA7DEB7F38}.Release|Any CPU.ActiveCfg = Release|Any CPU
		{0E17A5A6-4680-405D-B182-24EA7DEB7F38}.Release|Any CPU.Build.0 = Release|Any CPU
		{0E17A5A6-4680-405D-B182-24EA7DEB7F38}.Release|x64.ActiveCfg = Release|Any CPU
		{0E17A5A6-4680-405D-B182-24EA7DEB7F38}.Release|x64.Build.0 = Release|Any CPU
		{0E17A5A6-4680-405D-B182-24EA7DEB7F38}.Release|x86.ActiveCfg = Release|Any CPU
		{0E17A5A6-4680-405D-B182-24EA7DEB7F38}.Release|x86.Build.0 = Release|Any CPU
		{3DA2ECE5-46B2-46AF-96DD-2B6C29812D40}.Debug|Any CPU.ActiveCfg = Debug|Any CPU
		{3DA2ECE5-46B2-46AF-96DD-2B6C29812D40}.Debug|Any CPU.Build.0 = Debug|Any CPU
		{3DA2ECE5-46B2-46AF-96DD-2B6C29812D40}.Debug|x64.ActiveCfg = Debug|Any CPU
		{3DA2ECE5-46B2-46AF-96DD-2B6C29812D40}.Debug|x64.Build.0 = Debug|Any CPU
		{3DA2ECE5-46B2-46AF-96DD-2B6C29812D40}.Debug|x86.ActiveCfg = Debug|Any CPU
		{3DA2ECE5-46B2-46AF-96DD-2B6C29812D40}.Debug|x86.Build.0 = Debug|Any CPU
		{3DA2ECE5-46B2-46AF-96DD-2B6C29812D40}.Release|Any CPU.ActiveCfg = Release|Any CPU
		{3DA2ECE5-46B2-46AF-96DD-2B6C29812D40}.Release|Any CPU.Build.0 = Release|Any CPU
		{3DA2ECE5-46B2-46AF-96DD-2B6C29812D40}.Release|x64.ActiveCfg = Release|Any CPU
		{3DA2ECE5-46B2-46AF-96DD-2B6C29812D40}.Release|x64.Build.0 = Release|Any CPU
		{3DA2ECE5-46B2-46AF-96DD-2B6C29812D40}.Release|x86.ActiveCfg = Release|Any CPU
		{3DA2ECE5-46B2-46AF-96DD-2B6C29812D40}.Release|x86.Build.0 = Release|Any CPU
		{C79417D6-FE50-41A9-8672-FFA559532587}.Debug|Any CPU.ActiveCfg = Debug|AnyCPU
		{C79417D6-FE50-41A9-8672-FFA559532587}.Debug|Any CPU.Build.0 = Debug|AnyCPU
		{C79417D6-FE50-41A9-8672-FFA559532587}.Debug|x64.ActiveCfg = Debug|Any CPU
		{C79417D6-FE50-41A9-8672-FFA559532587}.Debug|x64.Build.0 = Debug|Any CPU
		{C79417D6-FE50-41A9-8672-FFA559532587}.Debug|x86.ActiveCfg = Debug|Any CPU
		{C79417D6-FE50-41A9-8672-FFA559532587}.Debug|x86.Build.0 = Debug|Any CPU
		{C79417D6-FE50-41A9-8672-FFA559532587}.Release|Any CPU.ActiveCfg = Release|AnyCPU
		{C79417D6-FE50-41A9-8672-FFA559532587}.Release|Any CPU.Build.0 = Release|AnyCPU
		{C79417D6-FE50-41A9-8672-FFA559532587}.Release|x64.ActiveCfg = Release|Any CPU
		{C79417D6-FE50-41A9-8672-FFA559532587}.Release|x64.Build.0 = Release|Any CPU
		{C79417D6-FE50-41A9-8672-FFA559532587}.Release|x86.ActiveCfg = Release|Any CPU
		{C79417D6-FE50-41A9-8672-FFA559532587}.Release|x86.Build.0 = Release|Any CPU
		{9B54377C-F6B1-4844-845A-668A4E725917}.Debug|Any CPU.ActiveCfg = Debug|AnyCPU
		{9B54377C-F6B1-4844-845A-668A4E725917}.Debug|Any CPU.Build.0 = Debug|AnyCPU
		{9B54377C-F6B1-4844-845A-668A4E725917}.Debug|x64.ActiveCfg = Debug|Any CPU
		{9B54377C-F6B1-4844-845A-668A4E725917}.Debug|x64.Build.0 = Debug|Any CPU
		{9B54377C-F6B1-4844-845A-668A4E725917}.Debug|x86.ActiveCfg = Debug|Any CPU
		{9B54377C-F6B1-4844-845A-668A4E725917}.Debug|x86.Build.0 = Debug|Any CPU
		{9B54377C-F6B1-4844-845A-668A4E725917}.Release|Any CPU.ActiveCfg = Release|AnyCPU
		{9B54377C-F6B1-4844-845A-668A4E725917}.Release|Any CPU.Build.0 = Release|AnyCPU
		{9B54377C-F6B1-4844-845A-668A4E725917}.Release|x64.ActiveCfg = Release|Any CPU
		{9B54377C-F6B1-4844-845A-668A4E725917}.Release|x64.Build.0 = Release|Any CPU
		{9B54377C-F6B1-4844-845A-668A4E725917}.Release|x86.ActiveCfg = Release|Any CPU
		{9B54377C-F6B1-4844-845A-668A4E725917}.Release|x86.Build.0 = Release|Any CPU
		{963A1685-0104-4304-A251-A0FC530481E2}.Debug|Any CPU.ActiveCfg = Debug|Any CPU
		{963A1685-0104-4304-A251-A0FC530481E2}.Debug|Any CPU.Build.0 = Debug|Any CPU
		{963A1685-0104-4304-A251-A0FC530481E2}.Debug|x64.ActiveCfg = Debug|Any CPU
		{963A1685-0104-4304-A251-A0FC530481E2}.Debug|x64.Build.0 = Debug|Any CPU
		{963A1685-0104-4304-A251-A0FC530481E2}.Debug|x86.ActiveCfg = Debug|Any CPU
		{963A1685-0104-4304-A251-A0FC530481E2}.Debug|x86.Build.0 = Debug|Any CPU
		{963A1685-0104-4304-A251-A0FC530481E2}.Release|Any CPU.ActiveCfg = Release|Any CPU
		{963A1685-0104-4304-A251-A0FC530481E2}.Release|Any CPU.Build.0 = Release|Any CPU
		{963A1685-0104-4304-A251-A0FC530481E2}.Release|x64.ActiveCfg = Release|Any CPU
		{963A1685-0104-4304-A251-A0FC530481E2}.Release|x64.Build.0 = Release|Any CPU
		{963A1685-0104-4304-A251-A0FC530481E2}.Release|x86.ActiveCfg = Release|Any CPU
		{963A1685-0104-4304-A251-A0FC530481E2}.Release|x86.Build.0 = Release|Any CPU
		{0EF07904-5798-4C29-8000-244814EF89E8}.Debug|Any CPU.ActiveCfg = Debug|Any CPU
		{0EF07904-5798-4C29-8000-244814EF89E8}.Debug|Any CPU.Build.0 = Debug|Any CPU
		{0EF07904-5798-4C29-8000-244814EF89E8}.Debug|x64.ActiveCfg = Debug|Any CPU
		{0EF07904-5798-4C29-8000-244814EF89E8}.Debug|x64.Build.0 = Debug|Any CPU
		{0EF07904-5798-4C29-8000-244814EF89E8}.Debug|x86.ActiveCfg = Debug|Any CPU
		{0EF07904-5798-4C29-8000-244814EF89E8}.Debug|x86.Build.0 = Debug|Any CPU
		{0EF07904-5798-4C29-8000-244814EF89E8}.Release|Any CPU.ActiveCfg = Release|Any CPU
		{0EF07904-5798-4C29-8000-244814EF89E8}.Release|Any CPU.Build.0 = Release|Any CPU
		{0EF07904-5798-4C29-8000-244814EF89E8}.Release|x64.ActiveCfg = Release|Any CPU
		{0EF07904-5798-4C29-8000-244814EF89E8}.Release|x64.Build.0 = Release|Any CPU
		{0EF07904-5798-4C29-8000-244814EF89E8}.Release|x86.ActiveCfg = Release|Any CPU
		{0EF07904-5798-4C29-8000-244814EF89E8}.Release|x86.Build.0 = Release|Any CPU
		{38DCC404-48C6-4C16-BC64-FBF1F2546562}.Debug|Any CPU.ActiveCfg = Debug|Any CPU
		{38DCC404-48C6-4C16-BC64-FBF1F2546562}.Debug|Any CPU.Build.0 = Debug|Any CPU
		{38DCC404-48C6-4C16-BC64-FBF1F2546562}.Debug|x64.ActiveCfg = Debug|Any CPU
		{38DCC404-48C6-4C16-BC64-FBF1F2546562}.Debug|x64.Build.0 = Debug|Any CPU
		{38DCC404-48C6-4C16-BC64-FBF1F2546562}.Debug|x86.ActiveCfg = Debug|Any CPU
		{38DCC404-48C6-4C16-BC64-FBF1F2546562}.Debug|x86.Build.0 = Debug|Any CPU
		{38DCC404-48C6-4C16-BC64-FBF1F2546562}.Release|Any CPU.ActiveCfg = Release|Any CPU
		{38DCC404-48C6-4C16-BC64-FBF1F2546562}.Release|Any CPU.Build.0 = Release|Any CPU
		{38DCC404-48C6-4C16-BC64-FBF1F2546562}.Release|x64.ActiveCfg = Release|Any CPU
		{38DCC404-48C6-4C16-BC64-FBF1F2546562}.Release|x64.Build.0 = Release|Any CPU
		{38DCC404-48C6-4C16-BC64-FBF1F2546562}.Release|x86.ActiveCfg = Release|Any CPU
		{38DCC404-48C6-4C16-BC64-FBF1F2546562}.Release|x86.Build.0 = Release|Any CPU
		{550C303E-0358-4399-ABE9-9BE40CFA4CB5}.Debug|Any CPU.ActiveCfg = Debug|Any CPU
		{550C303E-0358-4399-ABE9-9BE40CFA4CB5}.Debug|Any CPU.Build.0 = Debug|Any CPU
		{550C303E-0358-4399-ABE9-9BE40CFA4CB5}.Debug|x64.ActiveCfg = Debug|Any CPU
		{550C303E-0358-4399-ABE9-9BE40CFA4CB5}.Debug|x64.Build.0 = Debug|Any CPU
		{550C303E-0358-4399-ABE9-9BE40CFA4CB5}.Debug|x86.ActiveCfg = Debug|Any CPU
		{550C303E-0358-4399-ABE9-9BE40CFA4CB5}.Debug|x86.Build.0 = Debug|Any CPU
		{550C303E-0358-4399-ABE9-9BE40CFA4CB5}.Release|Any CPU.ActiveCfg = Release|Any CPU
		{550C303E-0358-4399-ABE9-9BE40CFA4CB5}.Release|Any CPU.Build.0 = Release|Any CPU
		{550C303E-0358-4399-ABE9-9BE40CFA4CB5}.Release|x64.ActiveCfg = Release|Any CPU
		{550C303E-0358-4399-ABE9-9BE40CFA4CB5}.Release|x64.Build.0 = Release|Any CPU
		{550C303E-0358-4399-ABE9-9BE40CFA4CB5}.Release|x86.ActiveCfg = Release|Any CPU
		{550C303E-0358-4399-ABE9-9BE40CFA4CB5}.Release|x86.Build.0 = Release|Any CPU
		{806E28DA-6974-444C-9E1C-C64126BDAF22}.Debug|Any CPU.ActiveCfg = Debug|x64
		{806E28DA-6974-444C-9E1C-C64126BDAF22}.Debug|Any CPU.Build.0 = Debug|x64
		{806E28DA-6974-444C-9E1C-C64126BDAF22}.Debug|x64.ActiveCfg = Debug|x64
		{806E28DA-6974-444C-9E1C-C64126BDAF22}.Debug|x64.Build.0 = Debug|x64
		{806E28DA-6974-444C-9E1C-C64126BDAF22}.Debug|x86.ActiveCfg = Debug|Win32
		{806E28DA-6974-444C-9E1C-C64126BDAF22}.Debug|x86.Build.0 = Debug|Win32
		{806E28DA-6974-444C-9E1C-C64126BDAF22}.Release|Any CPU.ActiveCfg = Release|x64
		{806E28DA-6974-444C-9E1C-C64126BDAF22}.Release|Any CPU.Build.0 = Release|x64
		{806E28DA-6974-444C-9E1C-C64126BDAF22}.Release|x64.ActiveCfg = Release|x64
		{806E28DA-6974-444C-9E1C-C64126BDAF22}.Release|x64.Build.0 = Release|x64
		{806E28DA-6974-444C-9E1C-C64126BDAF22}.Release|x86.ActiveCfg = Release|Win32
		{806E28DA-6974-444C-9E1C-C64126BDAF22}.Release|x86.Build.0 = Release|Win32
		{E14738AE-AF61-4F59-841E-0A81B4D85893}.Debug|Any CPU.ActiveCfg = Debug|Any CPU
		{E14738AE-AF61-4F59-841E-0A81B4D85893}.Debug|Any CPU.Build.0 = Debug|Any CPU
		{E14738AE-AF61-4F59-841E-0A81B4D85893}.Debug|x64.ActiveCfg = Debug|Any CPU
		{E14738AE-AF61-4F59-841E-0A81B4D85893}.Debug|x64.Build.0 = Debug|Any CPU
		{E14738AE-AF61-4F59-841E-0A81B4D85893}.Debug|x86.ActiveCfg = Debug|Any CPU
		{E14738AE-AF61-4F59-841E-0A81B4D85893}.Debug|x86.Build.0 = Debug|Any CPU
		{E14738AE-AF61-4F59-841E-0A81B4D85893}.Release|Any CPU.ActiveCfg = Release|Any CPU
		{E14738AE-AF61-4F59-841E-0A81B4D85893}.Release|Any CPU.Build.0 = Release|Any CPU
		{E14738AE-AF61-4F59-841E-0A81B4D85893}.Release|x64.ActiveCfg = Release|Any CPU
		{E14738AE-AF61-4F59-841E-0A81B4D85893}.Release|x64.Build.0 = Release|Any CPU
		{E14738AE-AF61-4F59-841E-0A81B4D85893}.Release|x86.ActiveCfg = Release|Any CPU
		{E14738AE-AF61-4F59-841E-0A81B4D85893}.Release|x86.Build.0 = Release|Any CPU
	EndGlobalSection
	GlobalSection(SolutionProperties) = preSolution
		HideSolutionNode = FALSE
	EndGlobalSection
	GlobalSection(ExtensibilityGlobals) = postSolution
		SolutionGuid = {8091EEEA-4703-43F9-B243-7914BE32608C}
	EndGlobalSection
EndGlobal
