
Microsoft Visual Studio Solution File, Format Version 12.00
# Visual Studio Version 17
VisualStudioVersion = 17.11.35208.52
MinimumVisualStudioVersion = 10.0.40219.1
Project("{FAE04EC0-301F-11D3-BF4B-00C04F79EFBC}") = "AFWDPPS.3D", "AFWDPPS.3D\AFWDPPS.3D.csproj", "{963A1685-0104-4304-A251-A0FC530481E2}"
EndProject
Global
	GlobalSection(SolutionConfigurationPlatforms) = preSolution
		Debug|Any CPU = Debug|Any CPU
		Release|Any CPU = Release|Any CPU
	EndGlobalSection
	GlobalSection(ProjectConfigurationPlatforms) = postSolution
		{963A1685-0104-4304-A251-A0FC530481E2}.Debug|Any CPU.ActiveCfg = Debug|Any CPU
		{963A1685-0104-4304-A251-A0FC530481E2}.Debug|Any CPU.Build.0 = Debug|Any CPU
		{963A1685-0104-4304-A251-A0FC530481E2}.Release|Any CPU.ActiveCfg = Release|Any CPU
		{963A1685-0104-4304-A251-A0FC530481E2}.Release|Any CPU.Build.0 = Release|Any CPU
	EndGlobalSection
	GlobalSection(SolutionProperties) = preSolution
		HideSolutionNode = FALSE
	EndGlobalSection
	GlobalSection(ExtensibilityGlobals) = postSolution
		SolutionGuid = {144481DC-EB81-472E-9643-2D084066D27E}
	EndGlobalSection
EndGlobal
