
Microsoft Visual Studio Solution File, Format Version 12.00
# Visual Studio Version 17
VisualStudioVersion = 17.11.35208.52
MinimumVisualStudioVersion = 10.0.40219.1
Project("{FAE04EC0-301F-11D3-BF4B-00C04F79EFBC}") = "PDFSharp", "PDFSharp\PDFSharp.csproj", "{38DCC404-48C6-4C16-BC64-FBF1F2546562}"
EndProject
Global
	GlobalSection(SolutionConfigurationPlatforms) = preSolution
		Debug|Any CPU = Debug|Any CPU
		Release|Any CPU = Release|Any CPU
	EndGlobalSection
	GlobalSection(ProjectConfigurationPlatforms) = postSolution
		{38DCC404-48C6-4C16-BC64-FBF1F2546562}.Debug|Any CPU.ActiveCfg = Debug|Any CPU
		{38DCC404-48C6-4C16-BC64-FBF1F2546562}.Debug|Any CPU.Build.0 = Debug|Any CPU
		{38DCC404-48C6-4C16-BC64-FBF1F2546562}.Release|Any CPU.ActiveCfg = Release|Any CPU
		{38DCC404-48C6-4C16-BC64-FBF1F2546562}.Release|Any CPU.Build.0 = Release|Any CPU
	EndGlobalSection
	GlobalSection(SolutionProperties) = preSolution
		HideSolutionNode = FALSE
	EndGlobalSection
	GlobalSection(ExtensibilityGlobals) = postSolution
		SolutionGuid = {50DF9441-E4A0-49EF-B94E-4E07F0AC42BB}
	EndGlobalSection
EndGlobal
